
Microsoft Visual Studio Solution File, Format Version 12.00
# Visual Studio Version 17
VisualStudioVersion = 17.13.35825.156
MinimumVisualStudioVersion = 10.0.40219.1
Project("{FAE04EC0-301F-11D3-BF4B-00C04F79EFBC}") = "ProjectManagement", "ProjectManagement\ProjectManagement.csproj", "{65948BEA-C003-4647-A346-45A064222565}"
EndProject
Project("{FAE04EC0-301F-11D3-BF4B-00C04F79EFBC}") = "TestProjectManagement", "TestProjectManagement\TestProjectManagement.csproj", "{80D82E88-D056-462A-8AEA-ABB3A8170B71}"
EndProject
Global
	GlobalSection(SolutionConfigurationPlatforms) = preSolution
		Debug|Any CPU = Debug|Any CPU
		Release|Any CPU = Release|Any CPU
	EndGlobalSection
	GlobalSection(ProjectConfigurationPlatforms) = postSolution
		{65948BEA-C003-4647-A346-45A064222565}.Debug|Any CPU.ActiveCfg = Debug|Any CPU
		{65948BEA-C003-4647-A346-45A064222565}.Debug|Any CPU.Build.0 = Debug|Any CPU
		{65948BEA-C003-4647-A346-45A064222565}.Release|Any CPU.ActiveCfg = Release|Any CPU
		{65948BEA-C003-4647-A346-45A064222565}.Release|Any CPU.Build.0 = Release|Any CPU
		{80D82E88-D056-462A-8AEA-ABB3A8170B71}.Debug|Any CPU.ActiveCfg = Debug|Any CPU
		{80D82E88-D056-462A-8AEA-ABB3A8170B71}.Debug|Any CPU.Build.0 = Debug|Any CPU
		{80D82E88-D056-462A-8AEA-ABB3A8170B71}.Release|Any CPU.ActiveCfg = Release|Any CPU
		{80D82E88-D056-462A-8AEA-ABB3A8170B71}.Release|Any CPU.Build.0 = Release|Any CPU
	EndGlobalSection
	GlobalSection(SolutionProperties) = preSolution
		HideSolutionNode = FALSE
	EndGlobalSection
	GlobalSection(ExtensibilityGlobals) = postSolution
		SolutionGuid = {CAC626E9-55C3-4430-B1B4-1790E11BCD7E}
	EndGlobalSection
EndGlobal
